
Microsoft Visual Studio Solution File, Format Version 12.00
# Visual Studio 15
VisualStudioVersion = 15.0.28307.329
MinimumVisualStudioVersion = 10.0.40219.1
Project("{FAE04EC0-301F-11D3-BF4B-00C04F79EFBC}") = "Epon", "Epon\Epon.csproj", "{A38CF711-2F84-4C6E-953C-3F0109C113A5}"
EndProject
Global
	GlobalSection(SolutionConfigurationPlatforms) = preSolution
		Debug|Any CPU = Debug|Any CPU
		Release|Any CPU = Release|Any CPU
	EndGlobalSection
	GlobalSection(ProjectConfigurationPlatforms) = postSolution
		{A38CF711-2F84-4C6E-953C-3F0109C113A5}.Debug|Any CPU.ActiveCfg = Debug|Any CPU
		{A38CF711-2F84-4C6E-953C-3F0109C113A5}.Debug|Any CPU.Build.0 = Debug|Any CPU
		{A38CF711-2F84-4C6E-953C-3F0109C113A5}.Debug|Any CPU.Deploy.0 = Debug|Any CPU
		{A38CF711-2F84-4C6E-953C-3F0109C113A5}.Release|Any CPU.ActiveCfg = Release|Any CPU
		{A38CF711-2F84-4C6E-953C-3F0109C113A5}.Release|Any CPU.Build.0 = Release|Any CPU
		{A38CF711-2F84-4C6E-953C-3F0109C113A5}.Release|Any CPU.Deploy.0 = Release|Any CPU
	EndGlobalSection
	GlobalSection(SolutionProperties) = preSolution
		HideSolutionNode = FALSE
	EndGlobalSection
	GlobalSection(ExtensibilityGlobals) = postSolution
		SolutionGuid = {7F319EFF-9AD7-4243-8851-631D253303B1}
	EndGlobalSection
EndGlobal
